
Microsoft Visual Studio Solution File, Format Version 12.00
# Visual Studio Version 17
VisualStudioVersion = 17.9.34407.89
MinimumVisualStudioVersion = 10.0.40219.1
Project("{FAE04EC0-301F-11D3-BF4B-00C04F79EFBC}") = "BookByte", "BookByte\BookByte.csproj", "{80895AEE-C24E-4F4B-8471-CE950B802805}"
EndProject
Project("{FAE04EC0-301F-11D3-BF4B-00C04F79EFBC}") = "BookByte.DataAccess", "BookByte.DataAccess\BookByte.DataAccess.csproj", "{6B4940CC-C1D3-43E8-A885-AFF42B9F988D}"
EndProject
Global
	GlobalSection(SolutionConfigurationPlatforms) = preSolution
		Debug|Any CPU = Debug|Any CPU
		Release|Any CPU = Release|Any CPU
	EndGlobalSection
	GlobalSection(ProjectConfigurationPlatforms) = postSolution
		{80895AEE-C24E-4F4B-8471-CE950B802805}.Debug|Any CPU.ActiveCfg = Debug|Any CPU
		{80895AEE-C24E-4F4B-8471-CE950B802805}.Debug|Any CPU.Build.0 = Debug|Any CPU
		{80895AEE-C24E-4F4B-8471-CE950B802805}.Release|Any CPU.ActiveCfg = Release|Any CPU
		{80895AEE-C24E-4F4B-8471-CE950B802805}.Release|Any CPU.Build.0 = Release|Any CPU
		{6B4940CC-C1D3-43E8-A885-AFF42B9F988D}.Debug|Any CPU.ActiveCfg = Debug|Any CPU
		{6B4940CC-C1D3-43E8-A885-AFF42B9F988D}.Debug|Any CPU.Build.0 = Debug|Any CPU
		{6B4940CC-C1D3-43E8-A885-AFF42B9F988D}.Release|Any CPU.ActiveCfg = Release|Any CPU
		{6B4940CC-C1D3-43E8-A885-AFF42B9F988D}.Release|Any CPU.Build.0 = Release|Any CPU
	EndGlobalSection
	GlobalSection(SolutionProperties) = preSolution
		HideSolutionNode = FALSE
	EndGlobalSection
	GlobalSection(ExtensibilityGlobals) = postSolution
		SolutionGuid = {0F063AFE-A656-49A5-BCE2-3D3FD383EF82}
	EndGlobalSection
EndGlobal
